
Microsoft Visual Studio Solution File, Format Version 12.00
# Visual Studio 15
VisualStudioVersion = 15.0.34031.82
MinimumVisualStudioVersion = 10.0.40219.1
Project("{8BC9CEB8-8B4A-11D0-8D11-00A0C91BC942}") = "5.34", "5.34\5.34.vcxproj", "{34B6F6CA-CE66-422D-B323-7C21FA52395D}"
EndProject
Global
	GlobalSection(SolutionConfigurationPlatforms) = preSolution
		Debug|x64 = Debug|x64
		Debug|x86 = Debug|x86
		Release|x64 = Release|x64
		Release|x86 = Release|x86
	EndGlobalSection
	GlobalSection(ProjectConfigurationPlatforms) = postSolution
		{34B6F6CA-CE66-422D-B323-7C21FA52395D}.Debug|x64.ActiveCfg = Debug|x64
		{34B6F6CA-CE66-422D-B323-7C21FA52395D}.Debug|x64.Build.0 = Debug|x64
		{34B6F6CA-CE66-422D-B323-7C21FA52395D}.Debug|x86.ActiveCfg = Debug|Win32
		{34B6F6CA-CE66-422D-B323-7C21FA52395D}.Debug|x86.Build.0 = Debug|Win32
		{34B6F6CA-CE66-422D-B323-7C21FA52395D}.Release|x64.ActiveCfg = Release|x64
		{34B6F6CA-CE66-422D-B323-7C21FA52395D}.Release|x64.Build.0 = Release|x64
		{34B6F6CA-CE66-422D-B323-7C21FA52395D}.Release|x86.ActiveCfg = Release|Win32
		{34B6F6CA-CE66-422D-B323-7C21FA52395D}.Release|x86.Build.0 = Release|Win32
	EndGlobalSection
	GlobalSection(SolutionProperties) = preSolution
		HideSolutionNode = FALSE
	EndGlobalSection
	GlobalSection(ExtensibilityGlobals) = postSolution
		SolutionGuid = {B39AECE3-39BF-4B46-8277-D7CB6D6DABE1}
	EndGlobalSection
EndGlobal
